
Microsoft Visual Studio Solution File, Format Version 12.00
# Visual Studio 15
VisualStudioVersion = 15.0.28307.271
MinimumVisualStudioVersion = 10.0.40219.1
Project("{FAE04EC0-301F-11D3-BF4B-00C04F79EFBC}") = "SalesWebMvc", "SalesWebMvc\SalesWebMvc.csproj", "{7CEA79E9-250D-4368-AC44-A9979D334FEA}"
EndProject
Global
	GlobalSection(SolutionConfigurationPlatforms) = preSolution
		Debug|Any CPU = Debug|Any CPU
		Release|Any CPU = Release|Any CPU
	EndGlobalSection
	GlobalSection(ProjectConfigurationPlatforms) = postSolution
		{7CEA79E9-250D-4368-AC44-A9979D334FEA}.Debug|Any CPU.ActiveCfg = Debug|Any CPU
		{7CEA79E9-250D-4368-AC44-A9979D334FEA}.Debug|Any CPU.Build.0 = Debug|Any CPU
		{7CEA79E9-250D-4368-AC44-A9979D334FEA}.Release|Any CPU.ActiveCfg = Release|Any CPU
		{7CEA79E9-250D-4368-AC44-A9979D334FEA}.Release|Any CPU.Build.0 = Release|Any CPU
	EndGlobalSection
	GlobalSection(SolutionProperties) = preSolution
		HideSolutionNode = FALSE
	EndGlobalSection
	GlobalSection(ExtensibilityGlobals) = postSolution
		SolutionGuid = {028D2EFB-55A4-4F43-8CD5-BD34D48394FF}
	EndGlobalSection
EndGlobal
