
Microsoft Visual Studio Solution File, Format Version 12.00
# Visual Studio 15
VisualStudioVersion = 15.0.26124.0
MinimumVisualStudioVersion = 15.0.26124.0
Project("{FAE04EC0-301F-11D3-BF4B-00C04F79EFBC}") = "application", "Api.Application\application.csproj", "{88F0C238-4F74-45C1-8522-3D44D6CE791F}"
EndProject
Project("{FAE04EC0-301F-11D3-BF4B-00C04F79EFBC}") = "Domain", "Api.Domain\Domain.csproj", "{457A75DF-CD86-4C01-9EEE-77E400798952}"
EndProject
Project("{FAE04EC0-301F-11D3-BF4B-00C04F79EFBC}") = "CrossCutting", "Api.CrossCutting\CrossCutting.csproj", "{F7740434-3731-4F56-95D0-B7A196BF3555}"
EndProject
Project("{FAE04EC0-301F-11D3-BF4B-00C04F79EFBC}") = "Data", "Api.Data\Data.csproj", "{4B161A6F-4CE5-48C4-81DB-BAA3CCC4C7A8}"
EndProject
Project("{FAE04EC0-301F-11D3-BF4B-00C04F79EFBC}") = "Service", "Api.Service\Service.csproj", "{2ABDC21B-E63B-425B-BC34-97F0FFD11D39}"
EndProject
Project("{FAE04EC0-301F-11D3-BF4B-00C04F79EFBC}") = "Api.Data.Test", "Api.Data.Test\Api.Data.Test.csproj", "{C73A39FB-FF28-4633-8B5D-4DE57B8A3583}"
EndProject
Project("{FAE04EC0-301F-11D3-BF4B-00C04F79EFBC}") = "Api.Service.Test", "Api.Service.Test\Api.Service.Test.csproj", "{478C1D66-E256-424C-B4CB-C863E9CD71CA}"
EndProject
Project("{FAE04EC0-301F-11D3-BF4B-00C04F79EFBC}") = "Api.Application.Test", "Api.Application.Test\Api.Application.Test.csproj", "{C56608AF-9032-4CA1-A86E-4A85FAB73512}"
EndProject
Global
	GlobalSection(SolutionConfigurationPlatforms) = preSolution
		Debug|Any CPU = Debug|Any CPU
		Debug|x64 = Debug|x64
		Debug|x86 = Debug|x86
		Release|Any CPU = Release|Any CPU
		Release|x64 = Release|x64
		Release|x86 = Release|x86
	EndGlobalSection
	GlobalSection(SolutionProperties) = preSolution
		HideSolutionNode = FALSE
	EndGlobalSection
	GlobalSection(ProjectConfigurationPlatforms) = postSolution
		{88F0C238-4F74-45C1-8522-3D44D6CE791F}.Debug|Any CPU.ActiveCfg = Debug|Any CPU
		{88F0C238-4F74-45C1-8522-3D44D6CE791F}.Debug|Any CPU.Build.0 = Debug|Any CPU
		{88F0C238-4F74-45C1-8522-3D44D6CE791F}.Debug|x64.ActiveCfg = Debug|Any CPU
		{88F0C238-4F74-45C1-8522-3D44D6CE791F}.Debug|x64.Build.0 = Debug|Any CPU
		{88F0C238-4F74-45C1-8522-3D44D6CE791F}.Debug|x86.ActiveCfg = Debug|Any CPU
		{88F0C238-4F74-45C1-8522-3D44D6CE791F}.Debug|x86.Build.0 = Debug|Any CPU
		{88F0C238-4F74-45C1-8522-3D44D6CE791F}.Release|Any CPU.ActiveCfg = Release|Any CPU
		{88F0C238-4F74-45C1-8522-3D44D6CE791F}.Release|Any CPU.Build.0 = Release|Any CPU
		{88F0C238-4F74-45C1-8522-3D44D6CE791F}.Release|x64.ActiveCfg = Release|Any CPU
		{88F0C238-4F74-45C1-8522-3D44D6CE791F}.Release|x64.Build.0 = Release|Any CPU
		{88F0C238-4F74-45C1-8522-3D44D6CE791F}.Release|x86.ActiveCfg = Release|Any CPU
		{88F0C238-4F74-45C1-8522-3D44D6CE791F}.Release|x86.Build.0 = Release|Any CPU
		{457A75DF-CD86-4C01-9EEE-77E400798952}.Debug|Any CPU.ActiveCfg = Debug|Any CPU
		{457A75DF-CD86-4C01-9EEE-77E400798952}.Debug|Any CPU.Build.0 = Debug|Any CPU
		{457A75DF-CD86-4C01-9EEE-77E400798952}.Debug|x64.ActiveCfg = Debug|Any CPU
		{457A75DF-CD86-4C01-9EEE-77E400798952}.Debug|x64.Build.0 = Debug|Any CPU
		{457A75DF-CD86-4C01-9EEE-77E400798952}.Debug|x86.ActiveCfg = Debug|Any CPU
		{457A75DF-CD86-4C01-9EEE-77E400798952}.Debug|x86.Build.0 = Debug|Any CPU
		{457A75DF-CD86-4C01-9EEE-77E400798952}.Release|Any CPU.ActiveCfg = Release|Any CPU
		{457A75DF-CD86-4C01-9EEE-77E400798952}.Release|Any CPU.Build.0 = Release|Any CPU
		{457A75DF-CD86-4C01-9EEE-77E400798952}.Release|x64.ActiveCfg = Release|Any CPU
		{457A75DF-CD86-4C01-9EEE-77E400798952}.Release|x64.Build.0 = Release|Any CPU
		{457A75DF-CD86-4C01-9EEE-77E400798952}.Release|x86.ActiveCfg = Release|Any CPU
		{457A75DF-CD86-4C01-9EEE-77E400798952}.Release|x86.Build.0 = Release|Any CPU
		{F7740434-3731-4F56-95D0-B7A196BF3555}.Debug|Any CPU.ActiveCfg = Debug|Any CPU
		{F7740434-3731-4F56-95D0-B7A196BF3555}.Debug|Any CPU.Build.0 = Debug|Any CPU
		{F7740434-3731-4F56-95D0-B7A196BF3555}.Debug|x64.ActiveCfg = Debug|Any CPU
		{F7740434-3731-4F56-95D0-B7A196BF3555}.Debug|x64.Build.0 = Debug|Any CPU
		{F7740434-3731-4F56-95D0-B7A196BF3555}.Debug|x86.ActiveCfg = Debug|Any CPU
		{F7740434-3731-4F56-95D0-B7A196BF3555}.Debug|x86.Build.0 = Debug|Any CPU
		{F7740434-3731-4F56-95D0-B7A196BF3555}.Release|Any CPU.ActiveCfg = Release|Any CPU
		{F7740434-3731-4F56-95D0-B7A196BF3555}.Release|Any CPU.Build.0 = Release|Any CPU
		{F7740434-3731-4F56-95D0-B7A196BF3555}.Release|x64.ActiveCfg = Release|Any CPU
		{F7740434-3731-4F56-95D0-B7A196BF3555}.Release|x64.Build.0 = Release|Any CPU
		{F7740434-3731-4F56-95D0-B7A196BF3555}.Release|x86.ActiveCfg = Release|Any CPU
		{F7740434-3731-4F56-95D0-B7A196BF3555}.Release|x86.Build.0 = Release|Any CPU
		{4B161A6F-4CE5-48C4-81DB-BAA3CCC4C7A8}.Debug|Any CPU.ActiveCfg = Debug|Any CPU
		{4B161A6F-4CE5-48C4-81DB-BAA3CCC4C7A8}.Debug|Any CPU.Build.0 = Debug|Any CPU
		{4B161A6F-4CE5-48C4-81DB-BAA3CCC4C7A8}.Debug|x64.ActiveCfg = Debug|Any CPU
		{4B161A6F-4CE5-48C4-81DB-BAA3CCC4C7A8}.Debug|x64.Build.0 = Debug|Any CPU
		{4B161A6F-4CE5-48C4-81DB-BAA3CCC4C7A8}.Debug|x86.ActiveCfg = Debug|Any CPU
		{4B161A6F-4CE5-48C4-81DB-BAA3CCC4C7A8}.Debug|x86.Build.0 = Debug|Any CPU
		{4B161A6F-4CE5-48C4-81DB-BAA3CCC4C7A8}.Release|Any CPU.ActiveCfg = Release|Any CPU
		{4B161A6F-4CE5-48C4-81DB-BAA3CCC4C7A8}.Release|Any CPU.Build.0 = Release|Any CPU
		{4B161A6F-4CE5-48C4-81DB-BAA3CCC4C7A8}.Release|x64.ActiveCfg = Release|Any CPU
		{4B161A6F-4CE5-48C4-81DB-BAA3CCC4C7A8}.Release|x64.Build.0 = Release|Any CPU
		{4B161A6F-4CE5-48C4-81DB-BAA3CCC4C7A8}.Release|x86.ActiveCfg = Release|Any CPU
		{4B161A6F-4CE5-48C4-81DB-BAA3CCC4C7A8}.Release|x86.Build.0 = Release|Any CPU
		{2ABDC21B-E63B-425B-BC34-97F0FFD11D39}.Debug|Any CPU.ActiveCfg = Debug|Any CPU
		{2ABDC21B-E63B-425B-BC34-97F0FFD11D39}.Debug|Any CPU.Build.0 = Debug|Any CPU
		{2ABDC21B-E63B-425B-BC34-97F0FFD11D39}.Debug|x64.ActiveCfg = Debug|Any CPU
		{2ABDC21B-E63B-425B-BC34-97F0FFD11D39}.Debug|x64.Build.0 = Debug|Any CPU
		{2ABDC21B-E63B-425B-BC34-97F0FFD11D39}.Debug|x86.ActiveCfg = Debug|Any CPU
		{2ABDC21B-E63B-425B-BC34-97F0FFD11D39}.Debug|x86.Build.0 = Debug|Any CPU
		{2ABDC21B-E63B-425B-BC34-97F0FFD11D39}.Release|Any CPU.ActiveCfg = Release|Any CPU
		{2ABDC21B-E63B-425B-BC34-97F0FFD11D39}.Release|Any CPU.Build.0 = Release|Any CPU
		{2ABDC21B-E63B-425B-BC34-97F0FFD11D39}.Release|x64.ActiveCfg = Release|Any CPU
		{2ABDC21B-E63B-425B-BC34-97F0FFD11D39}.Release|x64.Build.0 = Release|Any CPU
		{2ABDC21B-E63B-425B-BC34-97F0FFD11D39}.Release|x86.ActiveCfg = Release|Any CPU
		{2ABDC21B-E63B-425B-BC34-97F0FFD11D39}.Release|x86.Build.0 = Release|Any CPU
		{C73A39FB-FF28-4633-8B5D-4DE57B8A3583}.Debug|Any CPU.ActiveCfg = Debug|Any CPU
		{C73A39FB-FF28-4633-8B5D-4DE57B8A3583}.Debug|Any CPU.Build.0 = Debug|Any CPU
		{C73A39FB-FF28-4633-8B5D-4DE57B8A3583}.Debug|x64.ActiveCfg = Debug|Any CPU
		{C73A39FB-FF28-4633-8B5D-4DE57B8A3583}.Debug|x64.Build.0 = Debug|Any CPU
		{C73A39FB-FF28-4633-8B5D-4DE57B8A3583}.Debug|x86.ActiveCfg = Debug|Any CPU
		{C73A39FB-FF28-4633-8B5D-4DE57B8A3583}.Debug|x86.Build.0 = Debug|Any CPU
		{C73A39FB-FF28-4633-8B5D-4DE57B8A3583}.Release|Any CPU.ActiveCfg = Release|Any CPU
		{C73A39FB-FF28-4633-8B5D-4DE57B8A3583}.Release|Any CPU.Build.0 = Release|Any CPU
		{C73A39FB-FF28-4633-8B5D-4DE57B8A3583}.Release|x64.ActiveCfg = Release|Any CPU
		{C73A39FB-FF28-4633-8B5D-4DE57B8A3583}.Release|x64.Build.0 = Release|Any CPU
		{C73A39FB-FF28-4633-8B5D-4DE57B8A3583}.Release|x86.ActiveCfg = Release|Any CPU
		{C73A39FB-FF28-4633-8B5D-4DE57B8A3583}.Release|x86.Build.0 = Release|Any CPU
		{478C1D66-E256-424C-B4CB-C863E9CD71CA}.Debug|Any CPU.ActiveCfg = Debug|Any CPU
		{478C1D66-E256-424C-B4CB-C863E9CD71CA}.Debug|Any CPU.Build.0 = Debug|Any CPU
		{478C1D66-E256-424C-B4CB-C863E9CD71CA}.Debug|x64.ActiveCfg = Debug|Any CPU
		{478C1D66-E256-424C-B4CB-C863E9CD71CA}.Debug|x64.Build.0 = Debug|Any CPU
		{478C1D66-E256-424C-B4CB-C863E9CD71CA}.Debug|x86.ActiveCfg = Debug|Any CPU
		{478C1D66-E256-424C-B4CB-C863E9CD71CA}.Debug|x86.Build.0 = Debug|Any CPU
		{478C1D66-E256-424C-B4CB-C863E9CD71CA}.Release|Any CPU.ActiveCfg = Release|Any CPU
		{478C1D66-E256-424C-B4CB-C863E9CD71CA}.Release|Any CPU.Build.0 = Release|Any CPU
		{478C1D66-E256-424C-B4CB-C863E9CD71CA}.Release|x64.ActiveCfg = Release|Any CPU
		{478C1D66-E256-424C-B4CB-C863E9CD71CA}.Release|x64.Build.0 = Release|Any CPU
		{478C1D66-E256-424C-B4CB-C863E9CD71CA}.Release|x86.ActiveCfg = Release|Any CPU
		{478C1D66-E256-424C-B4CB-C863E9CD71CA}.Release|x86.Build.0 = Release|Any CPU
		{C56608AF-9032-4CA1-A86E-4A85FAB73512}.Debug|Any CPU.ActiveCfg = Debug|Any CPU
		{C56608AF-9032-4CA1-A86E-4A85FAB73512}.Debug|Any CPU.Build.0 = Debug|Any CPU
		{C56608AF-9032-4CA1-A86E-4A85FAB73512}.Debug|x64.ActiveCfg = Debug|Any CPU
		{C56608AF-9032-4CA1-A86E-4A85FAB73512}.Debug|x64.Build.0 = Debug|Any CPU
		{C56608AF-9032-4CA1-A86E-4A85FAB73512}.Debug|x86.ActiveCfg = Debug|Any CPU
		{C56608AF-9032-4CA1-A86E-4A85FAB73512}.Debug|x86.Build.0 = Debug|Any CPU
		{C56608AF-9032-4CA1-A86E-4A85FAB73512}.Release|Any CPU.ActiveCfg = Release|Any CPU
		{C56608AF-9032-4CA1-A86E-4A85FAB73512}.Release|Any CPU.Build.0 = Release|Any CPU
		{C56608AF-9032-4CA1-A86E-4A85FAB73512}.Release|x64.ActiveCfg = Release|Any CPU
		{C56608AF-9032-4CA1-A86E-4A85FAB73512}.Release|x64.Build.0 = Release|Any CPU
		{C56608AF-9032-4CA1-A86E-4A85FAB73512}.Release|x86.ActiveCfg = Release|Any CPU
		{C56608AF-9032-4CA1-A86E-4A85FAB73512}.Release|x86.Build.0 = Release|Any CPU
	EndGlobalSection
EndGlobal
